{
  "name": "options-protocol",
  "version": "1.0.0",
  "lockfileVersion": 1,
  "requires": true,
  "dependencies": {
    "@openzeppelin/contracts": {
      "version": "2.4.0",
      "resolved": "https://registry.npmjs.org/@openzeppelin/contracts/-/contracts-2.4.0.tgz",
      "integrity": "sha512-xeKP59REgow5TPBJh3S9BRIm7DDG+Rz3Nt4ANWGUkjk4305DHpyUD5CyMJ6nd2JMmZuFyx4mjvvlCtSJLRnN6w==",
      "dev": true
    },
    "app-module-path": {
      "version": "2.2.0",
      "resolved": "https://registry.npmjs.org/app-module-path/-/app-module-path-2.2.0.tgz",
      "integrity": "sha1-ZBqlXft9am8KgUHEucCqULbCTdU=",
      "dev": true
    },
    "assertion-error": {
      "version": "1.1.0",
      "resolved": "https://registry.npmjs.org/assertion-error/-/assertion-error-1.1.0.tgz",
      "integrity": "sha512-jgsaNduz+ndvGyFt3uSuWqvy4lCnIJiovtouQN5JZHOKCS2QuhEdbcQHFhVksz2N2U9hXJo8odG7ETyWlEeuDw==",
      "dev": true
    },
    "balanced-match": {
      "version": "1.0.0",
      "resolved": "https://registry.npmjs.org/balanced-match/-/balanced-match-1.0.0.tgz",
      "integrity": "sha1-ibTRmasr7kneFk6gK4nORi1xt2c=",
      "dev": true
    },
    "bn.js": {
      "version": "4.11.8",
      "resolved": "https://registry.npmjs.org/bn.js/-/bn.js-4.11.8.tgz",
      "integrity": "sha512-ItfYfPLkWHUjckQCk8xC+LwxgK8NYcXywGigJgSwOP8Y2iyWT4f2vsZnoOXTTbo+o5yXmIUJ4gn5538SO5S3gA==",
      "dev": true
    },
    "brace-expansion": {
      "version": "1.1.11",
      "resolved": "https://registry.npmjs.org/brace-expansion/-/brace-expansion-1.1.11.tgz",
      "integrity": "sha512-iCuPHDFgrHX7H2vEI/5xpz07zSHB00TpugqhmYtVmMO6518mCuRMoOYFldEBl0g187ufozdaHgWKcYFb61qGiA==",
      "dev": true,
      "requires": {
        "balanced-match": "^1.0.0",
        "concat-map": "0.0.1"
      }
    },
    "brorand": {
      "version": "1.1.0",
      "resolved": "https://registry.npmjs.org/brorand/-/brorand-1.1.0.tgz",
      "integrity": "sha1-EsJe/kCkXjwyPrhnWgoM5XsiNx8=",
      "dev": true
    },
    "browser-stdout": {
      "version": "1.3.1",
      "resolved": "https://registry.npmjs.org/browser-stdout/-/browser-stdout-1.3.1.tgz",
      "integrity": "sha512-qhAVI1+Av2X7qelOfAIYwXONood6XlZE/fXaBSmW/T5SzLAmCgzi+eiWE7fUvbHaeNBQH13UftjpXxsfLkMpgw==",
      "dev": true
    },
    "buffer-to-arraybuffer": {
      "version": "0.0.5",
      "resolved": "https://registry.npmjs.org/buffer-to-arraybuffer/-/buffer-to-arraybuffer-0.0.5.tgz",
      "integrity": "sha1-YGSkD6dutDxyOrqe+PbhIW0QURo=",
      "dev": true
    },
    "chai": {
      "version": "4.2.0",
      "resolved": "https://registry.npmjs.org/chai/-/chai-4.2.0.tgz",
      "integrity": "sha512-XQU3bhBukrOsQCuwZndwGcCVQHyZi53fQ6Ys1Fym7E4olpIqqZZhhoFJoaKVvV17lWQoXYwgWN2nF5crA8J2jw==",
      "dev": true,
      "requires": {
        "assertion-error": "^1.1.0",
        "check-error": "^1.0.2",
        "deep-eql": "^3.0.1",
        "get-func-name": "^2.0.0",
        "pathval": "^1.1.0",
        "type-detect": "^4.0.5"
      }
    },
    "chai-bn": {
      "version": "0.2.0",
      "resolved": "https://registry.npmjs.org/chai-bn/-/chai-bn-0.2.0.tgz",
      "integrity": "sha512-h+XqIFikre13N3uiZSc50PZ0VztVjuD/Gytle07EUFkbd8z31tWp37DLAsR1dPozmOLA3yu4hi3IFjJDQ5CKBg==",
      "dev": true
    },
    "check-error": {
      "version": "1.0.2",
      "resolved": "https://registry.npmjs.org/check-error/-/check-error-1.0.2.tgz",
      "integrity": "sha1-V00xLt2Iu13YkS6Sht1sCu1KrII=",
      "dev": true
    },
    "commander": {
      "version": "2.15.1",
      "resolved": "https://registry.npmjs.org/commander/-/commander-2.15.1.tgz",
      "integrity": "sha512-VlfT9F3V0v+jr4yxPc5gg9s62/fIVWsd2Bk2iD435um1NlGMYdVCq+MjcXnhYq2icNOizHr1kK+5TI6H0Hy0ag==",
      "dev": true
    },
    "concat-map": {
      "version": "0.0.1",
      "resolved": "https://registry.npmjs.org/concat-map/-/concat-map-0.0.1.tgz",
      "integrity": "sha1-2Klr13/Wjfd5OnMDajug1UBdR3s=",
      "dev": true
    },
    "decode-uri-component": {
      "version": "0.2.0",
      "resolved": "https://registry.npmjs.org/decode-uri-component/-/decode-uri-component-0.2.0.tgz",
      "integrity": "sha1-6zkTMzRYd1y4TNGh+uBiEGu4dUU=",
      "dev": true
    },
    "decompress-response": {
      "version": "3.3.0",
      "resolved": "https://registry.npmjs.org/decompress-response/-/decompress-response-3.3.0.tgz",
      "integrity": "sha1-gKTdMjdIOEv6JICDYirt7Jgq3/M=",
      "dev": true,
      "requires": {
        "mimic-response": "^1.0.0"
      }
    },
    "deep-eql": {
      "version": "3.0.1",
      "resolved": "https://registry.npmjs.org/deep-eql/-/deep-eql-3.0.1.tgz",
      "integrity": "sha512-+QeIQyN5ZuO+3Uk5DYh6/1eKO0m0YmJFGNmFHGACpf1ClL1nmlV/p4gNgbl2pJGxgXb4faqo6UE+M5ACEMyVcw==",
      "dev": true,
      "requires": {
        "type-detect": "^4.0.0"
      }
    },
    "diff": {
      "version": "3.5.0",
      "resolved": "https://registry.npmjs.org/diff/-/diff-3.5.0.tgz",
      "integrity": "sha512-A46qtFgd+g7pDZinpnwiRJtxbC1hpgf0uzP3iG89scHk0AUC7A1TGxf5OiiOUv/JMZR8GOt8hL900hV0bOy5xA==",
      "dev": true
    },
    "dom-walk": {
      "version": "0.1.1",
      "resolved": "https://registry.npmjs.org/dom-walk/-/dom-walk-0.1.1.tgz",
      "integrity": "sha1-ZyIm3HTI95mtNTB9+TaroRrNYBg=",
      "dev": true
    },
    "elliptic": {
      "version": "6.5.2",
      "resolved": "https://registry.npmjs.org/elliptic/-/elliptic-6.5.2.tgz",
      "integrity": "sha512-f4x70okzZbIQl/NSRLkI/+tteV/9WqL98zx+SQ69KbXxmVrmjwsNUPn/gYJJ0sHvEak24cZgHIPegRePAtA/xw==",
      "dev": true,
      "requires": {
        "bn.js": "^4.4.0",
        "brorand": "^1.0.1",
        "hash.js": "^1.0.0",
        "hmac-drbg": "^1.0.0",
        "inherits": "^2.0.1",
        "minimalistic-assert": "^1.0.0",
        "minimalistic-crypto-utils": "^1.0.0"
      }
    },
    "escape-string-regexp": {
      "version": "1.0.5",
      "resolved": "https://registry.npmjs.org/escape-string-regexp/-/escape-string-regexp-1.0.5.tgz",
      "integrity": "sha1-G2HAViGQqN/2rjuyzwIAyhMLhtQ=",
      "dev": true
    },
    "eth-lib": {
      "version": "0.2.7",
      "resolved": "https://registry.npmjs.org/eth-lib/-/eth-lib-0.2.7.tgz",
      "integrity": "sha1-L5Pxex4jrsN1nNSj/iDBKGo/wco=",
      "dev": true,
      "requires": {
        "bn.js": "^4.11.6",
        "elliptic": "^6.4.0",
        "xhr-request-promise": "^0.1.2"
      }
    },
    "ethereum-bloom-filters": {
      "version": "1.0.6",
      "resolved": "https://registry.npmjs.org/ethereum-bloom-filters/-/ethereum-bloom-filters-1.0.6.tgz",
      "integrity": "sha512-dE9CGNzgOOsdh7msZirvv8qjHtnHpvBlKe2647kM8v+yeF71IRso55jpojemvHV+jMjr48irPWxMRaHuOWzAFA==",
      "dev": true,
      "requires": {
        "js-sha3": "^0.8.0"
      }
    },
    "ethjs-unit": {
      "version": "0.1.6",
      "resolved": "https://registry.npmjs.org/ethjs-unit/-/ethjs-unit-0.1.6.tgz",
      "integrity": "sha1-xmWSHkduh7ziqdWIpv4EBbLEFpk=",
      "dev": true,
      "requires": {
        "bn.js": "4.11.6",
        "number-to-bn": "1.7.0"
      },
      "dependencies": {
        "bn.js": {
          "version": "4.11.6",
          "resolved": "https://registry.npmjs.org/bn.js/-/bn.js-4.11.6.tgz",
          "integrity": "sha1-UzRK2xRhehP26N0s4okF0cC6MhU=",
          "dev": true
        }
      }
    },
    "fs.realpath": {
      "version": "1.0.0",
      "resolved": "https://registry.npmjs.org/fs.realpath/-/fs.realpath-1.0.0.tgz",
      "integrity": "sha1-FQStJSMVjKpA20onh8sBQRmU6k8=",
      "dev": true
    },
    "get-func-name": {
      "version": "2.0.0",
      "resolved": "https://registry.npmjs.org/get-func-name/-/get-func-name-2.0.0.tgz",
      "integrity": "sha1-6td0q+5y4gQJQzoGY2YCPdaIekE=",
      "dev": true
    },
    "global": {
      "version": "4.3.2",
      "resolved": "https://registry.npmjs.org/global/-/global-4.3.2.tgz",
      "integrity": "sha1-52mJJopsdMOJCLEwWxD8DjlOnQ8=",
      "dev": true,
      "requires": {
        "min-document": "^2.19.0",
        "process": "~0.5.1"
      }
    },
    "growl": {
      "version": "1.10.5",
      "resolved": "https://registry.npmjs.org/growl/-/growl-1.10.5.tgz",
      "integrity": "sha512-qBr4OuELkhPenW6goKVXiv47US3clb3/IbuWF9KNKEijAy9oeHxU9IgzjvJhHkUzhaj7rOUD7+YGWqUjLp5oSA==",
      "dev": true
    },
    "hash.js": {
      "version": "1.1.7",
      "resolved": "https://registry.npmjs.org/hash.js/-/hash.js-1.1.7.tgz",
      "integrity": "sha512-taOaskGt4z4SOANNseOviYDvjEJinIkRgmp7LbKP2YTTmVxWBl87s/uzK9r+44BclBSp2X7K1hqeNfz9JbBeXA==",
      "dev": true,
      "requires": {
        "inherits": "^2.0.3",
        "minimalistic-assert": "^1.0.1"
      }
    },
    "he": {
      "version": "1.1.1",
      "resolved": "https://registry.npmjs.org/he/-/he-1.1.1.tgz",
      "integrity": "sha1-k0EP0hsAlzUVH4howvJx80J+I/0=",
      "dev": true
    },
    "hmac-drbg": {
      "version": "1.0.1",
      "resolved": "https://registry.npmjs.org/hmac-drbg/-/hmac-drbg-1.0.1.tgz",
      "integrity": "sha1-0nRXAQJabHdabFRXk+1QL8DGSaE=",
      "dev": true,
      "requires": {
        "hash.js": "^1.0.3",
        "minimalistic-assert": "^1.0.0",
        "minimalistic-crypto-utils": "^1.0.1"
      }
    },
    "inflight": {
      "version": "1.0.6",
      "resolved": "https://registry.npmjs.org/inflight/-/inflight-1.0.6.tgz",
      "integrity": "sha1-Sb1jMdfQLQwJvJEKEHW6gWW1bfk=",
      "dev": true,
      "requires": {
        "once": "^1.3.0",
        "wrappy": "1"
      }
    },
    "inherits": {
      "version": "2.0.4",
      "resolved": "https://registry.npmjs.org/inherits/-/inherits-2.0.4.tgz",
      "integrity": "sha512-k/vGaX4/Yla3WzyMCvTQOXYeIHvqOKtnqBduzTHpzpQZzAskKMhZ2K+EnBiSM9zGSoIFeMpXKxa4dYeZIQqewQ==",
      "dev": true
    },
    "is-function": {
      "version": "1.0.1",
      "resolved": "https://registry.npmjs.org/is-function/-/is-function-1.0.1.tgz",
      "integrity": "sha1-Es+5i2W1fdPRk6MSH19uL0N2ArU=",
      "dev": true
    },
    "is-hex-prefixed": {
      "version": "1.0.0",
      "resolved": "https://registry.npmjs.org/is-hex-prefixed/-/is-hex-prefixed-1.0.0.tgz",
      "integrity": "sha1-fY035q135dEnFIkTxXPggtd39VQ=",
      "dev": true
    },
    "js-sha3": {
      "version": "0.8.0",
      "resolved": "https://registry.npmjs.org/js-sha3/-/js-sha3-0.8.0.tgz",
      "integrity": "sha512-gF1cRrHhIzNfToc802P800N8PpXS+evLLXfsVpowqmAFR9uwbi89WvXg2QspOmXL8QL86J4T1EpFu+yUkwJY3Q==",
      "dev": true
    },
    "lodash.isequal": {
      "version": "4.5.0",
      "resolved": "https://registry.npmjs.org/lodash.isequal/-/lodash.isequal-4.5.0.tgz",
      "integrity": "sha1-QVxEePK8wwEgwizhDtMib30+GOA=",
      "dev": true
    },
    "mimic-response": {
      "version": "1.0.1",
      "resolved": "https://registry.npmjs.org/mimic-response/-/mimic-response-1.0.1.tgz",
      "integrity": "sha512-j5EctnkH7amfV/q5Hgmoal1g2QHFJRraOtmx0JpIqkxhBhI/lJSl1nMpQ45hVarwNETOoWEimndZ4QK0RHxuxQ==",
      "dev": true
    },
    "min-document": {
      "version": "2.19.0",
      "resolved": "https://registry.npmjs.org/min-document/-/min-document-2.19.0.tgz",
      "integrity": "sha1-e9KC4/WELtKVu3SM3Z8f+iyCRoU=",
      "dev": true,
      "requires": {
        "dom-walk": "^0.1.0"
      }
    },
    "minimalistic-assert": {
      "version": "1.0.1",
      "resolved": "https://registry.npmjs.org/minimalistic-assert/-/minimalistic-assert-1.0.1.tgz",
      "integrity": "sha512-UtJcAD4yEaGtjPezWuO9wC4nwUnVH/8/Im3yEHQP4b67cXlD/Qr9hdITCU1xDbSEXg2XKNaP8jsReV7vQd00/A==",
      "dev": true
    },
    "minimalistic-crypto-utils": {
      "version": "1.0.1",
      "resolved": "https://registry.npmjs.org/minimalistic-crypto-utils/-/minimalistic-crypto-utils-1.0.1.tgz",
      "integrity": "sha1-9sAMHAsIIkblxNmd+4x8CDsrWCo=",
      "dev": true
    },
    "minimatch": {
      "version": "3.0.4",
      "resolved": "https://registry.npmjs.org/minimatch/-/minimatch-3.0.4.tgz",
      "integrity": "sha512-yJHVQEhyqPLUTgt9B83PXu6W3rx4MvvHvSUvToogpwoGDOUQ+yDrR0HRot+yOCdCO7u4hX3pWft6kWBBcqh0UA==",
      "dev": true,
      "requires": {
        "brace-expansion": "^1.1.7"
      }
    },
    "minimist": {
      "version": "0.0.8",
      "resolved": "https://registry.npmjs.org/minimist/-/minimist-0.0.8.tgz",
      "integrity": "sha1-hX/Kv8M5fSYluCKCYuhqp6ARsF0=",
      "dev": true
    },
    "mkdirp": {
      "version": "0.5.1",
      "resolved": "https://registry.npmjs.org/mkdirp/-/mkdirp-0.5.1.tgz",
      "integrity": "sha1-MAV0OOrGz3+MR2fzhkjWaX11yQM=",
      "dev": true,
      "requires": {
        "minimist": "0.0.8"
      }
    },
    "mocha": {
      "version": "5.2.0",
      "resolved": "https://registry.npmjs.org/mocha/-/mocha-5.2.0.tgz",
      "integrity": "sha512-2IUgKDhc3J7Uug+FxMXuqIyYzH7gJjXECKe/w43IGgQHTSj3InJi+yAA7T24L9bQMRKiUEHxEX37G5JpVUGLcQ==",
      "dev": true,
      "requires": {
        "browser-stdout": "1.3.1",
        "commander": "2.15.1",
        "debug": "3.1.0",
        "diff": "3.5.0",
        "escape-string-regexp": "1.0.5",
        "glob": "7.1.2",
        "growl": "1.10.5",
        "he": "1.1.1",
        "minimatch": "3.0.4",
        "mkdirp": "0.5.1",
        "supports-color": "5.4.0"
      },
      "dependencies": {
        "debug": {
          "version": "3.1.0",
          "resolved": "https://registry.npmjs.org/debug/-/debug-3.1.0.tgz",
          "integrity": "sha512-OX8XqP7/1a9cqkxYw2yXss15f26NKWBpDXQd0/uK/KPqdQhxbPa994hnzjcE2VqQpDslf55723cKPUOGSmMY3g==",
          "dev": true,
          "requires": {
            "ms": "2.0.0"
          }
        },
        "glob": {
          "version": "7.1.2",
          "resolved": "https://registry.npmjs.org/glob/-/glob-7.1.2.tgz",
          "integrity": "sha512-MJTUg1kjuLeQCJ+ccE4Vpa6kKVXkPYJ2mOCQyUuKLcLQsdrMCpBPUi8qVE6+YuaJkozeA9NusTAw3hLr8Xe5EQ==",
          "dev": true,
          "requires": {
            "fs.realpath": "^1.0.0",
            "inflight": "^1.0.4",
            "inherits": "2",
            "minimatch": "^3.0.4",
            "once": "^1.3.0",
            "path-is-absolute": "^1.0.0"
          }
        },
        "has-flag": {
          "version": "3.0.0",
          "resolved": "https://registry.npmjs.org/has-flag/-/has-flag-3.0.0.tgz",
          "integrity": "sha1-tdRU3CGZriJWmfNGfloH87lVuv0=",
          "dev": true
        },
        "supports-color": {
          "version": "5.4.0",
          "resolved": "https://registry.npmjs.org/supports-color/-/supports-color-5.4.0.tgz",
          "integrity": "sha512-zjaXglF5nnWpsq470jSv6P9DwPvgLkuapYmfDm3JWOm0vkNTVF2tI4UrN2r6jH1qM/uc/WtxYY1hYoA2dOKj5w==",
          "dev": true,
          "requires": {
            "has-flag": "^3.0.0"
          }
        }
      }
    },
    "ms": {
      "version": "2.0.0",
      "resolved": "https://registry.npmjs.org/ms/-/ms-2.0.0.tgz",
      "integrity": "sha1-VgiurfwAvmwpAd9fmGF4jeDVl8g=",
      "dev": true
    },
    "number-to-bn": {
      "version": "1.7.0",
      "resolved": "https://registry.npmjs.org/number-to-bn/-/number-to-bn-1.7.0.tgz",
      "integrity": "sha1-uzYjWS9+X54AMLGXe9QaDFP+HqA=",
      "dev": true,
      "requires": {
        "bn.js": "4.11.6",
        "strip-hex-prefix": "1.0.0"
      },
      "dependencies": {
        "bn.js": {
          "version": "4.11.6",
          "resolved": "https://registry.npmjs.org/bn.js/-/bn.js-4.11.6.tgz",
          "integrity": "sha1-UzRK2xRhehP26N0s4okF0cC6MhU=",
          "dev": true
        }
      }
    },
    "object-assign": {
      "version": "4.1.1",
      "resolved": "https://registry.npmjs.org/object-assign/-/object-assign-4.1.1.tgz",
      "integrity": "sha1-IQmtx5ZYh8/AXLvUQsrIv7s2CGM=",
      "dev": true
    },
    "once": {
      "version": "1.4.0",
      "resolved": "https://registry.npmjs.org/once/-/once-1.4.0.tgz",
      "integrity": "sha1-WDsap3WWHUsROsF9nFC6753Xa9E=",
      "dev": true,
      "requires": {
        "wrappy": "1"
      }
    },
    "original-require": {
      "version": "1.0.1",
      "resolved": "https://registry.npmjs.org/original-require/-/original-require-1.0.1.tgz",
      "integrity": "sha1-DxMEcVhM0zURxew4yNWSE/msXiA=",
      "dev": true
    },
    "parse-headers": {
      "version": "2.0.3",
      "resolved": "https://registry.npmjs.org/parse-headers/-/parse-headers-2.0.3.tgz",
      "integrity": "sha512-QhhZ+DCCit2Coi2vmAKbq5RGTRcQUOE2+REgv8vdyu7MnYx2eZztegqtTx99TZ86GTIwqiy3+4nQTWZ2tgmdCA==",
      "dev": true
    },
    "path-is-absolute": {
      "version": "1.0.1",
      "resolved": "https://registry.npmjs.org/path-is-absolute/-/path-is-absolute-1.0.1.tgz",
      "integrity": "sha1-F0uSaHNVNP+8es5r9TpanhtcX18=",
      "dev": true
    },
    "pathval": {
      "version": "1.1.0",
      "resolved": "https://registry.npmjs.org/pathval/-/pathval-1.1.0.tgz",
      "integrity": "sha1-uULm1L3mUwBe9rcTYd74cn0GReA=",
      "dev": true
    },
    "process": {
      "version": "0.5.2",
      "resolved": "https://registry.npmjs.org/process/-/process-0.5.2.tgz",
      "integrity": "sha1-FjjYqONML0QKkduVq5rrZ3/Bhc8=",
      "dev": true
    },
    "query-string": {
      "version": "5.1.1",
      "resolved": "https://registry.npmjs.org/query-string/-/query-string-5.1.1.tgz",
      "integrity": "sha512-gjWOsm2SoGlgLEdAGt7a6slVOk9mGiXmPFMqrEhLQ68rhQuBnpfs3+EmlvqKyxnCo9/PPlF+9MtY02S1aFg+Jw==",
      "dev": true,
      "requires": {
        "decode-uri-component": "^0.2.0",
        "object-assign": "^4.1.0",
        "strict-uri-encode": "^1.0.0"
      }
    },
    "randombytes": {
      "version": "2.1.0",
      "resolved": "https://registry.npmjs.org/randombytes/-/randombytes-2.1.0.tgz",
      "integrity": "sha512-vYl3iOX+4CKUWuxGi9Ukhie6fsqXqS9FE2Zaic4tNFD2N2QQaXOMFbuKK4QmDHC0JO6B1Zp41J0LpT0oR68amQ==",
      "dev": true,
      "requires": {
        "safe-buffer": "^5.1.0"
      }
    },
    "safe-buffer": {
      "version": "5.2.0",
      "resolved": "https://registry.npmjs.org/safe-buffer/-/safe-buffer-5.2.0.tgz",
      "integrity": "sha512-fZEwUGbVl7kouZs1jCdMLdt95hdIv0ZeHg6L7qPeciMZhZ+/gdesW4wgTARkrFWEpspjEATAzUGPG8N2jJiwbg==",
      "dev": true
    },
    "simple-concat": {
      "version": "1.0.0",
      "resolved": "https://registry.npmjs.org/simple-concat/-/simple-concat-1.0.0.tgz",
      "integrity": "sha1-c0TLuLbib7J9ZrL8hvn21Zl1IcY=",
      "dev": true
    },
    "simple-get": {
      "version": "2.8.1",
      "resolved": "https://registry.npmjs.org/simple-get/-/simple-get-2.8.1.tgz",
      "integrity": "sha512-lSSHRSw3mQNUGPAYRqo7xy9dhKmxFXIjLjp4KHpf99GEH2VH7C3AM+Qfx6du6jhfUi6Vm7XnbEVEf7Wb6N8jRw==",
      "dev": true,
      "requires": {
        "decompress-response": "^3.3.0",
        "once": "^1.3.1",
        "simple-concat": "^1.0.0"
      }
    },
    "strict-uri-encode": {
      "version": "1.1.0",
      "resolved": "https://registry.npmjs.org/strict-uri-encode/-/strict-uri-encode-1.1.0.tgz",
      "integrity": "sha1-J5siXfHVgrH1TmWt3UNS4Y+qBxM=",
      "dev": true
    },
    "strip-hex-prefix": {
      "version": "1.0.0",
      "resolved": "https://registry.npmjs.org/strip-hex-prefix/-/strip-hex-prefix-1.0.0.tgz",
      "integrity": "sha1-DF8VX+8RUTczd96du1iNoFUA428=",
      "dev": true,
      "requires": {
        "is-hex-prefixed": "1.0.0"
      }
    },
    "timed-out": {
      "version": "4.0.1",
      "resolved": "https://registry.npmjs.org/timed-out/-/timed-out-4.0.1.tgz",
      "integrity": "sha1-8y6srFoXW+ol1/q1Zas+2HQe9W8=",
      "dev": true
    },
    "truffle": {
      "version": "5.1.1",
      "resolved": "https://registry.npmjs.org/truffle/-/truffle-5.1.1.tgz",
      "integrity": "sha512-Mg5+A/qPGFVqQ7QNQjESaUoG4i3L58FmvllhhhMsxveXgSa2wbSucmC8zYayQ7j7XTUZw6oDwYyH4iExyLeiTQ==",
      "dev": true,
      "requires": {
        "app-module-path": "^2.2.0",
        "mocha": "5.2.0",
        "original-require": "1.0.1"
      }
    },
    "truffle-assertions": {
      "version": "0.9.2",
      "resolved": "https://registry.npmjs.org/truffle-assertions/-/truffle-assertions-0.9.2.tgz",
      "integrity": "sha512-9g2RhaxU2F8DeWhqoGQvL/bV8QVoSnQ6PY+ZPvYRP5eF7+/8LExb4mjLx/FeliLTjc3Tv1SABG05Gu5qQ/ErmA==",
      "dev": true,
      "requires": {
        "assertion-error": "^1.1.0",
        "lodash.isequal": "^4.5.0"
      }
    },
    "type-detect": {
      "version": "4.0.8",
      "resolved": "https://registry.npmjs.org/type-detect/-/type-detect-4.0.8.tgz",
      "integrity": "sha512-0fr/mIH1dlO+x7TlcMy+bIDqKPsw/70tVyeHW787goQjhmqaZe10uwLujubK9q9Lg6Fiho1KUKDYz0Z7k7g5/g==",
      "dev": true
    },
    "underscore": {
      "version": "1.9.1",
      "resolved": "https://registry.npmjs.org/underscore/-/underscore-1.9.1.tgz",
      "integrity": "sha512-5/4etnCkd9c8gwgowi5/om/mYO5ajCaOgdzj/oW+0eQV9WxKBDZw5+ycmKmeaTXjInS/W0BzpGLo2xR2aBwZdg==",
      "dev": true
    },
    "url-set-query": {
      "version": "1.0.0",
      "resolved": "https://registry.npmjs.org/url-set-query/-/url-set-query-1.0.0.tgz",
      "integrity": "sha1-AW6M/Xwg7gXK/neV6JK9BwL6ozk=",
      "dev": true
    },
    "utf8": {
      "version": "3.0.0",
      "resolved": "https://registry.npmjs.org/utf8/-/utf8-3.0.0.tgz",
      "integrity": "sha512-E8VjFIQ/TyQgp+TZfS6l8yp/xWppSAHzidGiRrqe4bK4XP9pTRyKFgGJpO3SN7zdX4DeomTrwaseCHovfpFcqQ==",
      "dev": true
    },
    "web3-utils": {
      "version": "1.2.4",
      "resolved": "https://registry.npmjs.org/web3-utils/-/web3-utils-1.2.4.tgz",
      "integrity": "sha512-+S86Ip+jqfIPQWvw2N/xBQq5JNqCO0dyvukGdJm8fEWHZbckT4WxSpHbx+9KLEWY4H4x9pUwnoRkK87pYyHfgQ==",
      "dev": true,
      "requires": {
        "bn.js": "4.11.8",
        "eth-lib": "0.2.7",
        "ethereum-bloom-filters": "^1.0.6",
        "ethjs-unit": "0.1.6",
        "number-to-bn": "1.7.0",
        "randombytes": "^2.1.0",
        "underscore": "1.9.1",
        "utf8": "3.0.0"
      }
    },
    "wrappy": {
      "version": "1.0.2",
      "resolved": "https://registry.npmjs.org/wrappy/-/wrappy-1.0.2.tgz",
      "integrity": "sha1-tSQ9jz7BqjXxNkYFvA0QNuMKtp8=",
      "dev": true
    },
    "xhr": {
      "version": "2.5.0",
      "resolved": "https://registry.npmjs.org/xhr/-/xhr-2.5.0.tgz",
      "integrity": "sha512-4nlO/14t3BNUZRXIXfXe+3N6w3s1KoxcJUUURctd64BLRe67E4gRwp4PjywtDY72fXpZ1y6Ch0VZQRY/gMPzzQ==",
      "dev": true,
      "requires": {
        "global": "~4.3.0",
        "is-function": "^1.0.1",
        "parse-headers": "^2.0.0",
        "xtend": "^4.0.0"
      }
    },
    "xhr-request": {
      "version": "1.1.0",
      "resolved": "https://registry.npmjs.org/xhr-request/-/xhr-request-1.1.0.tgz",
      "integrity": "sha512-Y7qzEaR3FDtL3fP30k9wO/e+FBnBByZeybKOhASsGP30NIkRAAkKD/sCnLvgEfAIEC1rcmK7YG8f4oEnIrrWzA==",
      "dev": true,
      "requires": {
        "buffer-to-arraybuffer": "^0.0.5",
        "object-assign": "^4.1.1",
        "query-string": "^5.0.1",
        "simple-get": "^2.7.0",
        "timed-out": "^4.0.1",
        "url-set-query": "^1.0.0",
        "xhr": "^2.0.4"
      }
    },
    "xhr-request-promise": {
      "version": "0.1.2",
      "resolved": "https://registry.npmjs.org/xhr-request-promise/-/xhr-request-promise-0.1.2.tgz",
      "integrity": "sha1-NDxE0e53JrhkgGloLQ+EDIO0Jh0=",
      "dev": true,
      "requires": {
        "xhr-request": "^1.0.1"
      }
    },
    "xtend": {
      "version": "4.0.2",
      "resolved": "https://registry.npmjs.org/xtend/-/xtend-4.0.2.tgz",
      "integrity": "sha512-LKYU1iAXJXUgAXn9URjiu+MWhyUXHsvfp7mcuYm9dSUKK0/CjtrUwFAxD82/mCWbtLsGjFIad0wIsod4zrTAEQ==",
      "dev": true
    }
  }
}
